// !$*UTF8*$!
{
	archiveVersion = 1;
	classes = {
	};
	objectVersion = 50;
	objects = {

/* Begin PBXBuildFile section */
		25C58B7E2996069EE7EA3EAA /* Pods_fndb_ios.framework in Frameworks */ = {isa = PBXBuildFile; fileRef = 069471A5F36AD2A55ECB688B /* Pods_fndb_ios.framework */; };
		4C061B5B22289BA000595148 /* SkinSelectBPViewController.swift in Sources */ = {isa = PBXBuildFile; fileRef = 4C061B5A22289BA000595148 /* SkinSelectBPViewController.swift */; };
		4C061B5D22289BB400595148 /* SkinSelectShopViewController.swift in Sources */ = {isa = PBXBuildFile; fileRef = 4C061B5C22289BB400595148 /* SkinSelectShopViewController.swift */; };
		4C363C172177981D00E9A27F /* SkinSelectHomeController.swift in Sources */ = {isa = PBXBuildFile; fileRef = 4C363C162177981D00E9A27F /* SkinSelectHomeController.swift */; };
		4C453D2A217E18A1003C41D6 /* ChallengeViewController.swift in Sources */ = {isa = PBXBuildFile; fileRef = 4C453D29217E18A1003C41D6 /* ChallengeViewController.swift */; };
		4C453D2C217E1AE9003C41D6 /* ChallengeTableViewCell.swift in Sources */ = {isa = PBXBuildFile; fileRef = 4C453D2B217E1AE9003C41D6 /* ChallengeTableViewCell.swift */; };
		4C453D2E217E2B33003C41D6 /* Challenge.swift in Sources */ = {isa = PBXBuildFile; fileRef = 4C453D2D217E2B33003C41D6 /* Challenge.swift */; };
		4C53035A2181030E009EAD32 /* Leaderboard.swift in Sources */ = {isa = PBXBuildFile; fileRef = 4C5303592181030E009EAD32 /* Leaderboard.swift */; };
		4C53035C21810388009EAD32 /* LeaderboardViewController.swift in Sources */ = {isa = PBXBuildFile; fileRef = 4C53035B21810388009EAD32 /* LeaderboardViewController.swift */; };
		4C53035E218109B0009EAD32 /* ShopItem.swift in Sources */ = {isa = PBXBuildFile; fileRef = 4C53035D218109B0009EAD32 /* ShopItem.swift */; };
		4C653D732188C0CB009AD4C6 /* LeaderboardTableViewCell.swift in Sources */ = {isa = PBXBuildFile; fileRef = 4C653D722188C0CB009AD4C6 /* LeaderboardTableViewCell.swift */; };
		4C7C1A5E218A1283006F57CC /* StatsSearchViewController.swift in Sources */ = {isa = PBXBuildFile; fileRef = 4C7C1A5D218A1283006F57CC /* StatsSearchViewController.swift */; };
		4C9AC1F92176F65B00C9D03C /* AppDelegate.swift in Sources */ = {isa = PBXBuildFile; fileRef = 4C9AC1F82176F65B00C9D03C /* AppDelegate.swift */; };
		4C9AC1FB2176F65B00C9D03C /* ViewController.swift in Sources */ = {isa = PBXBuildFile; fileRef = 4C9AC1FA2176F65B00C9D03C /* ViewController.swift */; };
		4C9AC1FE2176F65B00C9D03C /* Main.storyboard in Resources */ = {isa = PBXBuildFile; fileRef = 4C9AC1FC2176F65B00C9D03C /* Main.storyboard */; };
		4C9AC2002176F65D00C9D03C /* Assets.xcassets in Resources */ = {isa = PBXBuildFile; fileRef = 4C9AC1FF2176F65D00C9D03C /* Assets.xcassets */; };
		4C9AC2032176F65D00C9D03C /* LaunchScreen.storyboard in Resources */ = {isa = PBXBuildFile; fileRef = 4C9AC2012176F65D00C9D03C /* LaunchScreen.storyboard */; };
		4C9AC20F2176FE4000C9D03C /* LuckiestGuy.ttf in Resources */ = {isa = PBXBuildFile; fileRef = 4C9AC20E2176FE4000C9D03C /* LuckiestGuy.ttf */; };
		4CA01C4B222979F100C4BA1B /* GoogleService-Info.plist in Resources */ = {isa = PBXBuildFile; fileRef = 4CA01C4A222979F000C4BA1B /* GoogleService-Info.plist */; };
		4CA5E39B2227318800D1B57F /* StatsListViewController.swift in Sources */ = {isa = PBXBuildFile; fileRef = 4CA5E39A2227318800D1B57F /* StatsListViewController.swift */; };
		4CB3D556218B7C9E00F4A045 /* StatsTableViewCell.swift in Sources */ = {isa = PBXBuildFile; fileRef = 4CB3D555218B7C9E00F4A045 /* StatsTableViewCell.swift */; };
		4CC83FC22225948E00801B4E /* PopUpViewController.swift in Sources */ = {isa = PBXBuildFile; fileRef = 4CC83FC12225948E00801B4E /* PopUpViewController.swift */; };
		4CEC5B6F21787EDC00B74866 /* Skin.swift in Sources */ = {isa = PBXBuildFile; fileRef = 4CEC5B6E21787EDC00B74866 /* Skin.swift */; };
		4CEC5B712178978100B74866 /* SkinTableViewCell.swift in Sources */ = {isa = PBXBuildFile; fileRef = 4CEC5B702178978100B74866 /* SkinTableViewCell.swift */; };
		4CEC5B732178A5B200B74866 /* SkinTableViewController.swift in Sources */ = {isa = PBXBuildFile; fileRef = 4CEC5B722178A5B200B74866 /* SkinTableViewController.swift */; };
		4CF79EFC217A342700C9A5C5 /* DetailViewController.swift in Sources */ = {isa = PBXBuildFile; fileRef = 4CF79EFB217A342700C9A5C5 /* DetailViewController.swift */; };
		4CF79EFE217A7B0400C9A5C5 /* NewsViewController.swift in Sources */ = {isa = PBXBuildFile; fileRef = 4CF79EFD217A7B0400C9A5C5 /* NewsViewController.swift */; };
		4CF79F03217A7CF800C9A5C5 /* News.swift in Sources */ = {isa = PBXBuildFile; fileRef = 4CF79F02217A7CF800C9A5C5 /* News.swift */; };
		4CF79F05217A7F4300C9A5C5 /* NewsTableViewCell.swift in Sources */ = {isa = PBXBuildFile; fileRef = 4CF79F04217A7F4300C9A5C5 /* NewsTableViewCell.swift */; };
		4CF85DA42226CA74005408FA /* WeaponStatTableViewCell.swift in Sources */ = {isa = PBXBuildFile; fileRef = 4CF85DA32226CA74005408FA /* WeaponStatTableViewCell.swift */; };
		4CFCF5FF217FB83A00F55762 /* WeaponsViewController.swift in Sources */ = {isa = PBXBuildFile; fileRef = 4CFCF5FE217FB83A00F55762 /* WeaponsViewController.swift */; };
		4CFCF601217FB99500F55762 /* Weapon.swift in Sources */ = {isa = PBXBuildFile; fileRef = 4CFCF600217FB99500F55762 /* Weapon.swift */; };
		4CFCF603217FC01C00F55762 /* WeaponCollectionViewCell.swift in Sources */ = {isa = PBXBuildFile; fileRef = 4CFCF602217FC01C00F55762 /* WeaponCollectionViewCell.swift */; };
		4CFF56682182398500D7A069 /* ShopCollectionViewCell.swift in Sources */ = {isa = PBXBuildFile; fileRef = 4CFF56672182398500D7A069 /* ShopCollectionViewCell.swift */; };
/* End PBXBuildFile section */

/* Begin PBXFileReference section */
		069471A5F36AD2A55ECB688B /* Pods_fndb_ios.framework */ = {isa = PBXFileReference; explicitFileType = wrapper.framework; includeInIndex = 0; path = Pods_fndb_ios.framework; sourceTree = BUILT_PRODUCTS_DIR; };
		4C061B5A22289BA000595148 /* SkinSelectBPViewController.swift */ = {isa = PBXFileReference; lastKnownFileType = sourcecode.swift; path = SkinSelectBPViewController.swift; sourceTree = "<group>"; };
		4C061B5C22289BB400595148 /* SkinSelectShopViewController.swift */ = {isa = PBXFileReference; lastKnownFileType = sourcecode.swift; path = SkinSelectShopViewController.swift; sourceTree = "<group>"; };
		4C363C162177981D00E9A27F /* SkinSelectHomeController.swift */ = {isa = PBXFileReference; lastKnownFileType = sourcecode.swift; path = SkinSelectHomeController.swift; sourceTree = "<group>"; };
		4C453D29217E18A1003C41D6 /* ChallengeViewController.swift */ = {isa = PBXFileReference; lastKnownFileType = sourcecode.swift; path = ChallengeViewController.swift; sourceTree = "<group>"; };
		4C453D2B217E1AE9003C41D6 /* ChallengeTableViewCell.swift */ = {isa = PBXFileReference; lastKnownFileType = sourcecode.swift; path = ChallengeTableViewCell.swift; sourceTree = "<group>"; };
		4C453D2D217E2B33003C41D6 /* Challenge.swift */ = {isa = PBXFileReference; lastKnownFileType = sourcecode.swift; path = Challenge.swift; sourceTree = "<group>"; };
		4C5303592181030E009EAD32 /* Leaderboard.swift */ = {isa = PBXFileReference; lastKnownFileType = sourcecode.swift; path = Leaderboard.swift; sourceTree = "<group>"; };
		4C53035B21810388009EAD32 /* LeaderboardViewController.swift */ = {isa = PBXFileReference; lastKnownFileType = sourcecode.swift; path = LeaderboardViewController.swift; sourceTree = "<group>"; };
		4C53035D218109B0009EAD32 /* ShopItem.swift */ = {isa = PBXFileReference; lastKnownFileType = sourcecode.swift; path = ShopItem.swift; sourceTree = "<group>"; };
		4C653D722188C0CB009AD4C6 /* LeaderboardTableViewCell.swift */ = {isa = PBXFileReference; lastKnownFileType = sourcecode.swift; path = LeaderboardTableViewCell.swift; sourceTree = "<group>"; };
		4C7C1A5D218A1283006F57CC /* StatsSearchViewController.swift */ = {isa = PBXFileReference; lastKnownFileType = sourcecode.swift; path = StatsSearchViewController.swift; sourceTree = "<group>"; };
		4C9AC1F52176F65B00C9D03C /* fndb-ios.app */ = {isa = PBXFileReference; explicitFileType = wrapper.application; includeInIndex = 0; path = "fndb-ios.app"; sourceTree = BUILT_PRODUCTS_DIR; };
		4C9AC1F82176F65B00C9D03C /* AppDelegate.swift */ = {isa = PBXFileReference; lastKnownFileType = sourcecode.swift; path = AppDelegate.swift; sourceTree = "<group>"; };
		4C9AC1FA2176F65B00C9D03C /* ViewController.swift */ = {isa = PBXFileReference; lastKnownFileType = sourcecode.swift; path = ViewController.swift; sourceTree = "<group>"; };
		4C9AC1FD2176F65B00C9D03C /* Base */ = {isa = PBXFileReference; lastKnownFileType = file.storyboard; name = Base; path = Base.lproj/Main.storyboard; sourceTree = "<group>"; };
		4C9AC1FF2176F65D00C9D03C /* Assets.xcassets */ = {isa = PBXFileReference; lastKnownFileType = folder.assetcatalog; path = Assets.xcassets; sourceTree = "<group>"; };
		4C9AC2022176F65D00C9D03C /* Base */ = {isa = PBXFileReference; lastKnownFileType = file.storyboard; name = Base; path = Base.lproj/LaunchScreen.storyboard; sourceTree = "<group>"; };
		4C9AC2042176F65D00C9D03C /* Info.plist */ = {isa = PBXFileReference; lastKnownFileType = text.plist.xml; path = Info.plist; sourceTree = "<group>"; };
		4C9AC20E2176FE4000C9D03C /* LuckiestGuy.ttf */ = {isa = PBXFileReference; lastKnownFileType = file; name = LuckiestGuy.ttf; path = "../../../Downloads/luckiest-guy/LuckiestGuy.ttf"; sourceTree = "<group>"; };
		4CA01C4A222979F000C4BA1B /* GoogleService-Info.plist */ = {isa = PBXFileReference; fileEncoding = 4; lastKnownFileType = text.plist.xml; name = "GoogleService-Info.plist"; path = "../../../Downloads/GoogleService-Info.plist"; sourceTree = "<group>"; };
		4CA5E39A2227318800D1B57F /* StatsListViewController.swift */ = {isa = PBXFileReference; lastKnownFileType = sourcecode.swift; path = StatsListViewController.swift; sourceTree = "<group>"; };
		4CAF21102228B34900CD932E /* fndb-ios.entitlements */ = {isa = PBXFileReference; lastKnownFileType = text.plist.entitlements; path = "fndb-ios.entitlements"; sourceTree = "<group>"; };
		4CB3D555218B7C9E00F4A045 /* StatsTableViewCell.swift */ = {isa = PBXFileReference; lastKnownFileType = sourcecode.swift; path = StatsTableViewCell.swift; sourceTree = "<group>"; };
		4CC83FC12225948E00801B4E /* PopUpViewController.swift */ = {isa = PBXFileReference; lastKnownFileType = sourcecode.swift; path = PopUpViewController.swift; sourceTree = "<group>"; };
		4CEC5B6E21787EDC00B74866 /* Skin.swift */ = {isa = PBXFileReference; lastKnownFileType = sourcecode.swift; path = Skin.swift; sourceTree = "<group>"; };
		4CEC5B702178978100B74866 /* SkinTableViewCell.swift */ = {isa = PBXFileReference; lastKnownFileType = sourcecode.swift; path = SkinTableViewCell.swift; sourceTree = "<group>"; };
		4CEC5B722178A5B200B74866 /* SkinTableViewController.swift */ = {isa = PBXFileReference; lastKnownFileType = sourcecode.swift; path = SkinTableViewController.swift; sourceTree = "<group>"; };
		4CF79EFB217A342700C9A5C5 /* DetailViewController.swift */ = {isa = PBXFileReference; lastKnownFileType = sourcecode.swift; path = DetailViewController.swift; sourceTree = "<group>"; };
		4CF79EFD217A7B0400C9A5C5 /* NewsViewController.swift */ = {isa = PBXFileReference; lastKnownFileType = sourcecode.swift; path = NewsViewController.swift; sourceTree = "<group>"; };
		4CF79F02217A7CF800C9A5C5 /* News.swift */ = {isa = PBXFileReference; lastKnownFileType = sourcecode.swift; path = News.swift; sourceTree = "<group>"; };
		4CF79F04217A7F4300C9A5C5 /* NewsTableViewCell.swift */ = {isa = PBXFileReference; lastKnownFileType = sourcecode.swift; path = NewsTableViewCell.swift; sourceTree = "<group>"; };
		4CF85DA32226CA74005408FA /* WeaponStatTableViewCell.swift */ = {isa = PBXFileReference; lastKnownFileType = sourcecode.swift; path = WeaponStatTableViewCell.swift; sourceTree = "<group>"; };
		4CFCF5FE217FB83A00F55762 /* WeaponsViewController.swift */ = {isa = PBXFileReference; lastKnownFileType = sourcecode.swift; path = WeaponsViewController.swift; sourceTree = "<group>"; };
		4CFCF600217FB99500F55762 /* Weapon.swift */ = {isa = PBXFileReference; lastKnownFileType = sourcecode.swift; path = Weapon.swift; sourceTree = "<group>"; };
		4CFCF602217FC01C00F55762 /* WeaponCollectionViewCell.swift */ = {isa = PBXFileReference; lastKnownFileType = sourcecode.swift; path = WeaponCollectionViewCell.swift; sourceTree = "<group>"; };
		4CFF56672182398500D7A069 /* ShopCollectionViewCell.swift */ = {isa = PBXFileReference; lastKnownFileType = sourcecode.swift; path = ShopCollectionViewCell.swift; sourceTree = "<group>"; };
		8CB15914473BCCC4D09E974C /* Pods-fndb-ios.debug.xcconfig */ = {isa = PBXFileReference; includeInIndex = 1; lastKnownFileType = text.xcconfig; name = "Pods-fndb-ios.debug.xcconfig"; path = "Pods/Target Support Files/Pods-fndb-ios/Pods-fndb-ios.debug.xcconfig"; sourceTree = "<group>"; };
		8DB6DAFA9540923C8BF4DA08 /* Pods-fndb-ios.release.xcconfig */ = {isa = PBXFileReference; includeInIndex = 1; lastKnownFileType = text.xcconfig; name = "Pods-fndb-ios.release.xcconfig"; path = "Pods/Target Support Files/Pods-fndb-ios/Pods-fndb-ios.release.xcconfig"; sourceTree = "<group>"; };
/* End PBXFileReference section */

/* Begin PBXFrameworksBuildPhase section */
		4C9AC1F22176F65B00C9D03C /* Frameworks */ = {
			isa = PBXFrameworksBuildPhase;
			buildActionMask = 2147483647;
			files = (
				25C58B7E2996069EE7EA3EAA /* Pods_fndb_ios.framework in Frameworks */,
			);
			runOnlyForDeploymentPostprocessing = 0;
		};
/* End PBXFrameworksBuildPhase section */

/* Begin PBXGroup section */
		4C9AC1EC2176F65B00C9D03C = {
			isa = PBXGroup;
			children = (
				4C9AC1F72176F65B00C9D03C /* fndb-ios */,
				4C9AC1F62176F65B00C9D03C /* Products */,
				C45CF3D010895EEF30182229 /* Pods */,
				8D8B9F5A47AC76B44DC45695 /* Frameworks */,
			);
			sourceTree = "<group>";
		};
		4C9AC1F62176F65B00C9D03C /* Products */ = {
			isa = PBXGroup;
			children = (
				4C9AC1F52176F65B00C9D03C /* fndb-ios.app */,
			);
			name = Products;
			sourceTree = "<group>";
		};
		4C9AC1F72176F65B00C9D03C /* fndb-ios */ = {
			isa = PBXGroup;
			children = (
				4CAF21102228B34900CD932E /* fndb-ios.entitlements */,
				4C9AC1F82176F65B00C9D03C /* AppDelegate.swift */,
				4C9AC1FF2176F65D00C9D03C /* Assets.xcassets */,
				4C9AC2012176F65D00C9D03C /* LaunchScreen.storyboard */,
				4C9AC1FC2176F65B00C9D03C /* Main.storyboard */,
				4CF79F01217A7C9A00C9A5C5 /* Controller */,
				4CF79F00217A7C7F00C9A5C5 /* View */,
				4CF79EFF217A7C6300C9A5C5 /* Model */,
				4C9AC2042176F65D00C9D03C /* Info.plist */,
				4CA01C4A222979F000C4BA1B /* GoogleService-Info.plist */,
				4C9AC20E2176FE4000C9D03C /* LuckiestGuy.ttf */,
			);
			path = "fndb-ios";
			sourceTree = "<group>";
		};
		4CF79EFF217A7C6300C9A5C5 /* Model */ = {
			isa = PBXGroup;
			children = (
				4CEC5B6E21787EDC00B74866 /* Skin.swift */,
				4CF79F02217A7CF800C9A5C5 /* News.swift */,
				4C453D2D217E2B33003C41D6 /* Challenge.swift */,
				4CFCF600217FB99500F55762 /* Weapon.swift */,
				4C5303592181030E009EAD32 /* Leaderboard.swift */,
				4C53035D218109B0009EAD32 /* ShopItem.swift */,
			);
			name = Model;
			sourceTree = "<group>";
		};
		4CF79F00217A7C7F00C9A5C5 /* View */ = {
			isa = PBXGroup;
			children = (
				4CEC5B702178978100B74866 /* SkinTableViewCell.swift */,
				4CF79F04217A7F4300C9A5C5 /* NewsTableViewCell.swift */,
				4C453D2B217E1AE9003C41D6 /* ChallengeTableViewCell.swift */,
				4CFCF602217FC01C00F55762 /* WeaponCollectionViewCell.swift */,
				4CFF56672182398500D7A069 /* ShopCollectionViewCell.swift */,
				4C653D722188C0CB009AD4C6 /* LeaderboardTableViewCell.swift */,
				4CB3D555218B7C9E00F4A045 /* StatsTableViewCell.swift */,
				4CF85DA32226CA74005408FA /* WeaponStatTableViewCell.swift */,
			);
			path = View;
			sourceTree = "<group>";
		};
		4CF79F01217A7C9A00C9A5C5 /* Controller */ = {
			isa = PBXGroup;
			children = (
				4C9AC1FA2176F65B00C9D03C /* ViewController.swift */,
				4C363C162177981D00E9A27F /* SkinSelectHomeController.swift */,
				4CEC5B722178A5B200B74866 /* SkinTableViewController.swift */,
				4CF79EFB217A342700C9A5C5 /* DetailViewController.swift */,
				4CF79EFD217A7B0400C9A5C5 /* NewsViewController.swift */,
				4C453D29217E18A1003C41D6 /* ChallengeViewController.swift */,
				4CFCF5FE217FB83A00F55762 /* WeaponsViewController.swift */,
				4C53035B21810388009EAD32 /* LeaderboardViewController.swift */,
				4C7C1A5D218A1283006F57CC /* StatsSearchViewController.swift */,
				4CC83FC12225948E00801B4E /* PopUpViewController.swift */,
				4CA5E39A2227318800D1B57F /* StatsListViewController.swift */,
				4C061B5A22289BA000595148 /* SkinSelectBPViewController.swift */,
				4C061B5C22289BB400595148 /* SkinSelectShopViewController.swift */,
			);
			name = Controller;
			sourceTree = "<group>";
		};
		8D8B9F5A47AC76B44DC45695 /* Frameworks */ = {
			isa = PBXGroup;
			children = (
				069471A5F36AD2A55ECB688B /* Pods_fndb_ios.framework */,
			);
			name = Frameworks;
			sourceTree = "<group>";
		};
		C45CF3D010895EEF30182229 /* Pods */ = {
			isa = PBXGroup;
			children = (
				8CB15914473BCCC4D09E974C /* Pods-fndb-ios.debug.xcconfig */,
				8DB6DAFA9540923C8BF4DA08 /* Pods-fndb-ios.release.xcconfig */,
			);
			name = Pods;
			sourceTree = "<group>";
		};
/* End PBXGroup section */

/* Begin PBXNativeTarget section */
		4C9AC1F42176F65B00C9D03C /* fndb-ios */ = {
			isa = PBXNativeTarget;
			buildConfigurationList = 4C9AC2072176F65D00C9D03C /* Build configuration list for PBXNativeTarget "fndb-ios" */;
			buildPhases = (
				2333EF42D8881BA2AA69A10F /* [CP] Check Pods Manifest.lock */,
				4C9AC1F12176F65B00C9D03C /* Sources */,
				4C9AC1F22176F65B00C9D03C /* Frameworks */,
				4C9AC1F32176F65B00C9D03C /* Resources */,
				F10A0141F10A274903F2C882 /* [CP] Embed Pods Frameworks */,
			);
			buildRules = (
			);
			dependencies = (
			);
			name = "fndb-ios";
			productName = "fndb-ios";
			productReference = 4C9AC1F52176F65B00C9D03C /* fndb-ios.app */;
			productType = "com.apple.product-type.application";
		};
/* End PBXNativeTarget section */

/* Begin PBXProject section */
		4C9AC1ED2176F65B00C9D03C /* Project object */ = {
			isa = PBXProject;
			attributes = {
				LastSwiftUpdateCheck = 1000;
				LastUpgradeCheck = 1000;
				ORGANIZATIONNAME = "P-Flow Studios";
				TargetAttributes = {
					4C9AC1F42176F65B00C9D03C = {
						CreatedOnToolsVersion = 10.0;
						SystemCapabilities = {
							com.apple.BackgroundModes = {
								enabled = 1;
							};
							com.apple.Push = {
								enabled = 1;
							};
						};
					};
				};
			};
			buildConfigurationList = 4C9AC1F02176F65B00C9D03C /* Build configuration list for PBXProject "fndb-ios" */;
			compatibilityVersion = "Xcode 9.3";
			developmentRegion = en;
			hasScannedForEncodings = 0;
			knownRegions = (
				en,
				Base,
			);
			mainGroup = 4C9AC1EC2176F65B00C9D03C;
			productRefGroup = 4C9AC1F62176F65B00C9D03C /* Products */;
			projectDirPath = "";
			projectRoot = "";
			targets = (
				4C9AC1F42176F65B00C9D03C /* fndb-ios */,
			);
		};
/* End PBXProject section */

/* Begin PBXResourcesBuildPhase section */
		4C9AC1F32176F65B00C9D03C /* Resources */ = {
			isa = PBXResourcesBuildPhase;
			buildActionMask = 2147483647;
			files = (
				4C9AC20F2176FE4000C9D03C /* LuckiestGuy.ttf in Resources */,
				4C9AC2032176F65D00C9D03C /* LaunchScreen.storyboard in Resources */,
				4C9AC2002176F65D00C9D03C /* Assets.xcassets in Resources */,
				4C9AC1FE2176F65B00C9D03C /* Main.storyboard in Resources */,
				4CA01C4B222979F100C4BA1B /* GoogleService-Info.plist in Resources */,
			);
			runOnlyForDeploymentPostprocessing = 0;
		};
/* End PBXResourcesBuildPhase section */

/* Begin PBXShellScriptBuildPhase section */
		2333EF42D8881BA2AA69A10F /* [CP] Check Pods Manifest.lock */ = {
			isa = PBXShellScriptBuildPhase;
			buildActionMask = 2147483647;
			files = (
			);
			inputFileListPaths = (
			);
			inputPaths = (
				"${PODS_PODFILE_DIR_PATH}/Podfile.lock",
				"${PODS_ROOT}/Manifest.lock",
			);
			name = "[CP] Check Pods Manifest.lock";
			outputFileListPaths = (
			);
			outputPaths = (
				"$(DERIVED_FILE_DIR)/Pods-fndb-ios-checkManifestLockResult.txt",
			);
			runOnlyForDeploymentPostprocessing = 0;
			shellPath = /bin/sh;
			shellScript = "diff \"${PODS_PODFILE_DIR_PATH}/Podfile.lock\" \"${PODS_ROOT}/Manifest.lock\" > /dev/null\nif [ $? != 0 ] ; then\n    # print error to STDERR\n    echo \"error: The sandbox is not in sync with the Podfile.lock. Run 'pod install' or update your CocoaPods installation.\" >&2\n    exit 1\nfi\n# This output is used by Xcode 'outputs' to avoid re-running this script phase.\necho \"SUCCESS\" > \"${SCRIPT_OUTPUT_FILE_0}\"\n";
			showEnvVarsInLog = 0;
		};
		F10A0141F10A274903F2C882 /* [CP] Embed Pods Frameworks */ = {
			isa = PBXShellScriptBuildPhase;
			buildActionMask = 2147483647;
			files = (
			);
			inputFileListPaths = (
			);
			inputPaths = (
				"${SRCROOT}/Pods/Target Support Files/Pods-fndb-ios/Pods-fndb-ios-frameworks.sh",
				"${BUILT_PRODUCTS_DIR}/GoogleUtilities/GoogleUtilities.framework",
				"${BUILT_PRODUCTS_DIR}/Protobuf/Protobuf.framework",
				"${BUILT_PRODUCTS_DIR}/leveldb-library/leveldb.framework",
				"${BUILT_PRODUCTS_DIR}/nanopb/nanopb.framework",
			);
			name = "[CP] Embed Pods Frameworks";
			outputFileListPaths = (
			);
			outputPaths = (
				"${TARGET_BUILD_DIR}/${FRAMEWORKS_FOLDER_PATH}/GoogleUtilities.framework",
				"${TARGET_BUILD_DIR}/${FRAMEWORKS_FOLDER_PATH}/Protobuf.framework",
				"${TARGET_BUILD_DIR}/${FRAMEWORKS_FOLDER_PATH}/leveldb.framework",
				"${TARGET_BUILD_DIR}/${FRAMEWORKS_FOLDER_PATH}/nanopb.framework",
			);
			runOnlyForDeploymentPostprocessing = 0;
			shellPath = /bin/sh;
			shellScript = "\"${SRCROOT}/Pods/Target Support Files/Pods-fndb-ios/Pods-fndb-ios-frameworks.sh\"\n";
			showEnvVarsInLog = 0;
		};
/* End PBXShellScriptBuildPhase section */

/* Begin PBXSourcesBuildPhase section */
		4C9AC1F12176F65B00C9D03C /* Sources */ = {
			isa = PBXSourcesBuildPhase;
			buildActionMask = 2147483647;
			files = (
				4C53035E218109B0009EAD32 /* ShopItem.swift in Sources */,
				4C453D2A217E18A1003C41D6 /* ChallengeViewController.swift in Sources */,
				4C453D2E217E2B33003C41D6 /* Challenge.swift in Sources */,
				4C9AC1FB2176F65B00C9D03C /* ViewController.swift in Sources */,
				4C363C172177981D00E9A27F /* SkinSelectHomeController.swift in Sources */,
				4C53035C21810388009EAD32 /* LeaderboardViewController.swift in Sources */,
				4CF85DA42226CA74005408FA /* WeaponStatTableViewCell.swift in Sources */,
				4C653D732188C0CB009AD4C6 /* LeaderboardTableViewCell.swift in Sources */,
				4CC83FC22225948E00801B4E /* PopUpViewController.swift in Sources */,
				4CF79F05217A7F4300C9A5C5 /* NewsTableViewCell.swift in Sources */,
				4CFCF601217FB99500F55762 /* Weapon.swift in Sources */,
				4C061B5D22289BB400595148 /* SkinSelectShopViewController.swift in Sources */,
				4CEC5B712178978100B74866 /* SkinTableViewCell.swift in Sources */,
				4CF79F03217A7CF800C9A5C5 /* News.swift in Sources */,
				4CEC5B732178A5B200B74866 /* SkinTableViewController.swift in Sources */,
				4CB3D556218B7C9E00F4A045 /* StatsTableViewCell.swift in Sources */,
				4C7C1A5E218A1283006F57CC /* StatsSearchViewController.swift in Sources */,
				4C9AC1F92176F65B00C9D03C /* AppDelegate.swift in Sources */,
				4C061B5B22289BA000595148 /* SkinSelectBPViewController.swift in Sources */,
				4CFF56682182398500D7A069 /* ShopCollectionViewCell.swift in Sources */,
				4CFCF603217FC01C00F55762 /* WeaponCollectionViewCell.swift in Sources */,
				4C53035A2181030E009EAD32 /* Leaderboard.swift in Sources */,
				4CEC5B6F21787EDC00B74866 /* Skin.swift in Sources */,
				4C453D2C217E1AE9003C41D6 /* ChallengeTableViewCell.swift in Sources */,
				4CF79EFC217A342700C9A5C5 /* DetailViewController.swift in Sources */,
				4CFCF5FF217FB83A00F55762 /* WeaponsViewController.swift in Sources */,
				4CA5E39B2227318800D1B57F /* StatsListViewController.swift in Sources */,
				4CF79EFE217A7B0400C9A5C5 /* NewsViewController.swift in Sources */,
			);
			runOnlyForDeploymentPostprocessing = 0;
		};
/* End PBXSourcesBuildPhase section */

/* Begin PBXVariantGroup section */
		4C9AC1FC2176F65B00C9D03C /* Main.storyboard */ = {
			isa = PBXVariantGroup;
			children = (
				4C9AC1FD2176F65B00C9D03C /* Base */,
			);
			name = Main.storyboard;
			sourceTree = "<group>";
		};
		4C9AC2012176F65D00C9D03C /* LaunchScreen.storyboard */ = {
			isa = PBXVariantGroup;
			children = (
				4C9AC2022176F65D00C9D03C /* Base */,
			);
			name = LaunchScreen.storyboard;
			sourceTree = "<group>";
		};
/* End PBXVariantGroup section */

/* Begin XCBuildConfiguration section */
		4C9AC2052176F65D00C9D03C /* Debug */ = {
			isa = XCBuildConfiguration;
			buildSettings = {
				ALWAYS_SEARCH_USER_PATHS = NO;
				CLANG_ANALYZER_NONNULL = YES;
				CLANG_ANALYZER_NUMBER_OBJECT_CONVERSION = YES_AGGRESSIVE;
				CLANG_CXX_LANGUAGE_STANDARD = "gnu++14";
				CLANG_CXX_LIBRARY = "libc++";
				CLANG_ENABLE_MODULES = YES;
				CLANG_ENABLE_OBJC_ARC = YES;
				CLANG_ENABLE_OBJC_WEAK = YES;
				CLANG_WARN_BLOCK_CAPTURE_AUTORELEASING = YES;
				CLANG_WARN_BOOL_CONVERSION = YES;
				CLANG_WARN_COMMA = YES;
				CLANG_WARN_CONSTANT_CONVERSION = YES;
				CLANG_WARN_DEPRECATED_OBJC_IMPLEMENTATIONS = YES;
				CLANG_WARN_DIRECT_OBJC_ISA_USAGE = YES_ERROR;
				CLANG_WARN_DOCUMENTATION_COMMENTS = YES;
				CLANG_WARN_EMPTY_BODY = YES;
				CLANG_WARN_ENUM_CONVERSION = YES;
				CLANG_WARN_INFINITE_RECURSION = YES;
				CLANG_WARN_INT_CONVERSION = YES;
				CLANG_WARN_NON_LITERAL_NULL_CONVERSION = YES;
				CLANG_WARN_OBJC_IMPLICIT_RETAIN_SELF = YES;
				CLANG_WARN_OBJC_LITERAL_CONVERSION = YES;
				CLANG_WARN_OBJC_ROOT_CLASS = YES_ERROR;
				CLANG_WARN_RANGE_LOOP_ANALYSIS = YES;
				CLANG_WARN_STRICT_PROTOTYPES = YES;
				CLANG_WARN_SUSPICIOUS_MOVE = YES;
				CLANG_WARN_UNGUARDED_AVAILABILITY = YES_AGGRESSIVE;
				CLANG_WARN_UNREACHABLE_CODE = YES;
				CLANG_WARN__DUPLICATE_METHOD_MATCH = YES;
				CODE_SIGN_IDENTITY = "iPhone Developer";
				COPY_PHASE_STRIP = NO;
				DEBUG_INFORMATION_FORMAT = dwarf;
				ENABLE_STRICT_OBJC_MSGSEND = YES;
				ENABLE_TESTABILITY = YES;
				GCC_C_LANGUAGE_STANDARD = gnu11;
				GCC_DYNAMIC_NO_PIC = NO;
				GCC_NO_COMMON_BLOCKS = YES;
				GCC_OPTIMIZATION_LEVEL = 0;
				GCC_PREPROCESSOR_DEFINITIONS = (
					"DEBUG=1",
					"$(inherited)",
				);
				GCC_WARN_64_TO_32_BIT_CONVERSION = YES;
				GCC_WARN_ABOUT_RETURN_TYPE = YES_ERROR;
				GCC_WARN_UNDECLARED_SELECTOR = YES;
				GCC_WARN_UNINITIALIZED_AUTOS = YES_AGGRESSIVE;
				GCC_WARN_UNUSED_FUNCTION = YES;
				GCC_WARN_UNUSED_VARIABLE = YES;
				IPHONEOS_DEPLOYMENT_TARGET = 12.0;
				MTL_ENABLE_DEBUG_INFO = INCLUDE_SOURCE;
				MTL_FAST_MATH = YES;
				ONLY_ACTIVE_ARCH = YES;
				SDKROOT = iphoneos;
				SWIFT_ACTIVE_COMPILATION_CONDITIONS = DEBUG;
				SWIFT_OPTIMIZATION_LEVEL = "-Onone";
			};
			name = Debug;
		};
		4C9AC2062176F65D00C9D03C /* Release */ = {
			isa = XCBuildConfiguration;
			buildSettings = {
				ALWAYS_SEARCH_USER_PATHS = NO;
				CLANG_ANALYZER_NONNULL = YES;
				CLANG_ANALYZER_NUMBER_OBJECT_CONVERSION = YES_AGGRESSIVE;
				CLANG_CXX_LANGUAGE_STANDARD = "gnu++14";
				CLANG_CXX_LIBRARY = "libc++";
				CLANG_ENABLE_MODULES = YES;
				CLANG_ENABLE_OBJC_ARC = YES;
				CLANG_ENABLE_OBJC_WEAK = YES;
				CLANG_WARN_BLOCK_CAPTURE_AUTORELEASING = YES;
				CLANG_WARN_BOOL_CONVERSION = YES;
				CLANG_WARN_COMMA = YES;
				CLANG_WARN_CONSTANT_CONVERSION = YES;
				CLANG_WARN_DEPRECATED_OBJC_IMPLEMENTATIONS = YES;
				CLANG_WARN_DIRECT_OBJC_ISA_USAGE = YES_ERROR;
				CLANG_WARN_DOCUMENTATION_COMMENTS = YES;
				CLANG_WARN_EMPTY_BODY = YES;
				CLANG_WARN_ENUM_CONVERSION = YES;
				CLANG_WARN_INFINITE_RECURSION = YES;
				CLANG_WARN_INT_CONVERSION = YES;
				CLANG_WARN_NON_LITERAL_NULL_CONVERSION = YES;
				CLANG_WARN_OBJC_IMPLICIT_RETAIN_SELF = YES;
				CLANG_WARN_OBJC_LITERAL_CONVERSION = YES;
				CLANG_WARN_OBJC_ROOT_CLASS = YES_ERROR;
				CLANG_WARN_RANGE_LOOP_ANALYSIS = YES;
				CLANG_WARN_STRICT_PROTOTYPES = YES;
				CLANG_WARN_SUSPICIOUS_MOVE = YES;
				CLANG_WARN_UNGUARDED_AVAILABILITY = YES_AGGRESSIVE;
				CLANG_WARN_UNREACHABLE_CODE = YES;
				CLANG_WARN__DUPLICATE_METHOD_MATCH = YES;
				CODE_SIGN_IDENTITY = "iPhone Developer";
				COPY_PHASE_STRIP = NO;
				DEBUG_INFORMATION_FORMAT = "dwarf-with-dsym";
				ENABLE_NS_ASSERTIONS = NO;
				ENABLE_STRICT_OBJC_MSGSEND = YES;
				GCC_C_LANGUAGE_STANDARD = gnu11;
				GCC_NO_COMMON_BLOCKS = YES;
				GCC_WARN_64_TO_32_BIT_CONVERSION = YES;
				GCC_WARN_ABOUT_RETURN_TYPE = YES_ERROR;
				GCC_WARN_UNDECLARED_SELECTOR = YES;
				GCC_WARN_UNINITIALIZED_AUTOS = YES_AGGRESSIVE;
				GCC_WARN_UNUSED_FUNCTION = YES;
				GCC_WARN_UNUSED_VARIABLE = YES;
				IPHONEOS_DEPLOYMENT_TARGET = 12.0;
				MTL_ENABLE_DEBUG_INFO = NO;
				MTL_FAST_MATH = YES;
				SDKROOT = iphoneos;
				SWIFT_COMPILATION_MODE = wholemodule;
				SWIFT_OPTIMIZATION_LEVEL = "-O";
				VALIDATE_PRODUCT = YES;
			};
			name = Release;
		};
		4C9AC2082176F65D00C9D03C /* Debug */ = {
			isa = XCBuildConfiguration;
			baseConfigurationReference = 8CB15914473BCCC4D09E974C /* Pods-fndb-ios.debug.xcconfig */;
			buildSettings = {
				ASSETCATALOG_COMPILER_APPICON_NAME = AppIcon;
				CODE_SIGN_ENTITLEMENTS = "fndb-ios/fndb-ios.entitlements";
				CODE_SIGN_STYLE = Automatic;
				DEVELOPMENT_TEAM = P64JRJ974Z;
				INFOPLIST_FILE = "fndb-ios/Info.plist";
				IPHONEOS_DEPLOYMENT_TARGET = 12.1;
				LD_RUNPATH_SEARCH_PATHS = (
					"$(inherited)",
					"@executable_path/Frameworks",
				);
				PRODUCT_BUNDLE_IDENTIFIER = "pflow.fndb-ios";
				PRODUCT_NAME = "$(TARGET_NAME)";
				SWIFT_VERSION = 4.2;
				TARGETED_DEVICE_FAMILY = "1,2";
			};
			name = Debug;
		};
		4C9AC2092176F65D00C9D03C /* Release */ = {
			isa = XCBuildConfiguration;
			baseConfigurationReference = 8DB6DAFA9540923C8BF4DA08 /* Pods-fndb-ios.release.xcconfig */;
			buildSettings = {
				ASSETCATALOG_COMPILER_APPICON_NAME = AppIcon;
				CODE_SIGN_ENTITLEMENTS = "fndb-ios/fndb-ios.entitlements";
				CODE_SIGN_STYLE = Automatic;
				DEVELOPMENT_TEAM = P64JRJ974Z;
				INFOPLIST_FILE = "fndb-ios/Info.plist";
				IPHONEOS_DEPLOYMENT_TARGET = 12.1;
				LD_RUNPATH_SEARCH_PATHS = (
					"$(inherited)",
					"@executable_path/Frameworks",
				);
				PRODUCT_BUNDLE_IDENTIFIER = "pflow.fndb-ios";
				PRODUCT_NAME = "$(TARGET_NAME)";
				SWIFT_VERSION = 4.2;
				TARGETED_DEVICE_FAMILY = "1,2";
			};
			name = Release;
		};
/* End XCBuildConfiguration section */

/* Begin XCConfigurationList section */
		4C9AC1F02176F65B00C9D03C /* Build configuration list for PBXProject "fndb-ios" */ = {
			isa = XCConfigurationList;
			buildConfigurations = (
				4C9AC2052176F65D00C9D03C /* Debug */,
				4C9AC2062176F65D00C9D03C /* Release */,
			);
			defaultConfigurationIsVisible = 0;
			defaultConfigurationName = Release;
		};
		4C9AC2072176F65D00C9D03C /* Build configuration list for PBXNativeTarget "fndb-ios" */ = {
			isa = XCConfigurationList;
			buildConfigurations = (
				4C9AC2082176F65D00C9D03C /* Debug */,
				4C9AC2092176F65D00C9D03C /* Release */,
			);
			defaultConfigurationIsVisible = 0;
			defaultConfigurationName = Release;
		};
/* End XCConfigurationList section */
	};
	rootObject = 4C9AC1ED2176F65B00C9D03C /* Project object */;
}
